
Microsoft Visual Studio Solution File, Format Version 12.00
# Visual Studio Version 18
VisualStudioVersion = 18.0.11012.119
MinimumVisualStudioVersion = 10.0.40219.1
Project("{2150E333-8FDC-42A3-9474-1A3956D46DE8}") = "05_Frontend", "05_Frontend", "{6A42808D-F380-42A1-86F8-595046217F8F}"
EndProject
Project("{FAE04EC0-301F-11D3-BF4B-00C04F79EFBC}") = "ti8m.BeachBreak", "05_Frontend\ti8m.BeachBreak\ti8m.BeachBreak.csproj", "{08010959-1F7B-4D7D-990F-76D566BE3956}"
EndProject
Project("{FAE04EC0-301F-11D3-BF4B-00C04F79EFBC}") = "ti8m.BeachBreak.Client", "05_Frontend\ti8m.BeachBreak.Client\ti8m.BeachBreak.Client.csproj", "{9E4E677B-2EB4-41E1-8995-470BF04FB3A0}"
EndProject
Project("{2150E333-8FDC-42A3-9474-1A3956D46DE8}") = "03_Infrastructure", "03_Infrastructure", "{02EA681E-C7D8-13C7-8484-4AC65E1B71E8}"
EndProject
Project("{FAE04EC0-301F-11D3-BF4B-00C04F79EFBC}") = "ti8m.BeachBreak.CommandApi", "03_Infrastructure\ti8m.BeachBreak.CommandApi\ti8m.BeachBreak.CommandApi.csproj", "{44B0D956-F556-457C-8289-EA11D7579AC9}"
EndProject
Project("{FAE04EC0-301F-11D3-BF4B-00C04F79EFBC}") = "ti8m.BeachBreak.AppHost", "Aspire\ti8m.BeachBreak.AppHost\ti8m.BeachBreak.AppHost.csproj", "{40635F8C-935E-4194-AC75-AB059123AA99}"
EndProject
Project("{FAE04EC0-301F-11D3-BF4B-00C04F79EFBC}") = "ti8m.BeachBreak.ServiceDefaults", "Aspire\ti8m.BeachBreak.ServiceDefaults\ti8m.BeachBreak.ServiceDefaults.csproj", "{3BE5654F-D2F5-FC42-6EC2-993C0FE2A226}"
EndProject
Project("{2150E333-8FDC-42A3-9474-1A3956D46DE8}") = "Aspire", "Aspire", "{90B99F1A-FF40-48EE-A8B9-300578A16ED3}"
EndProject
Project("{FAE04EC0-301F-11D3-BF4B-00C04F79EFBC}") = "ti8m.BeachBreak.QueryApi", "03_Infrastructure\ti8m.BeachBreak.QueryApi\ti8m.BeachBreak.QueryApi.csproj", "{AB4FC849-E452-ABAC-AE80-E24466AD47C9}"
EndProject
Project("{2150E333-8FDC-42A3-9474-1A3956D46DE8}") = "02_Application", "02_Application", "{B1397279-8E68-4B29-807C-C52097857D96}"
EndProject
Project("{FAE04EC0-301F-11D3-BF4B-00C04F79EFBC}") = "ti8m.BeachBreak.Application.Command", "02_Application\ti8m.BeachBreak.Application.Command\ti8m.BeachBreak.Application.Command.csproj", "{871C7297-601D-4B04-AEC1-F85CE4A05647}"
EndProject
Project("{FAE04EC0-301F-11D3-BF4B-00C04F79EFBC}") = "ti8m.BeachBreak.Application.Query", "02_Application\ti8m.BeachBreak.Application.Query\ti8m.BeachBreak.Application.Query.csproj", "{98E75359-DA0B-480D-8762-64C88EAAF428}"
EndProject
Project("{2150E333-8FDC-42A3-9474-1A3956D46DE8}") = "04_Core", "04_Core", "{3598F0A4-BC2E-44DF-BCAE-0A184F66183B}"
EndProject
Project("{FAE04EC0-301F-11D3-BF4B-00C04F79EFBC}") = "ti8m.BeachBreak.Core.Infrastructure", "04_Core\ti8m.BeachBreak.Core.Infrastructure\ti8m.BeachBreak.Core.Infrastructure.csproj", "{905054D9-C687-4BEC-9BE5-88A8DFB21A73}"
EndProject
Project("{2150E333-8FDC-42A3-9474-1A3956D46DE8}") = "01_Domain", "01_Domain", "{648F5B63-1EBA-4A45-A1BF-A0F7CF975F60}"
EndProject
Project("{FAE04EC0-301F-11D3-BF4B-00C04F79EFBC}") = "ti8m.BeachBreak.Domain", "01_Domain\ti8m.BeachBreak.Domain\ti8m.BeachBreak.Domain.csproj", "{3D181202-2F1B-4EDD-9A9D-45D1DC47D981}"
EndProject
Project("{FAE04EC0-301F-11D3-BF4B-00C04F79EFBC}") = "ti8m.BeachBreak.Core.Domain", "04_Core\ti8m.BeachBreak.Core.Domain\ti8m.BeachBreak.Core.Domain.csproj", "{EFC422BB-8055-4B74-9DE2-5BD6C623FA23}"
EndProject
Project("{FAE04EC0-301F-11D3-BF4B-00C04F79EFBC}") = "ti8m.BeachBreak.Infrastructure.Marten", "03_Infrastructure\ti8m.BeachBreak.Infrastructure.Marten\ti8m.BeachBreak.Infrastructure.Marten.csproj", "{232B3E8C-7007-48D1-842A-D71421ECCF7B}"
EndProject
Project("{2150E333-8FDC-42A3-9474-1A3956D46DE8}") = "06_TestData", "06_TestData", "{90E3756F-4732-4090-9F40-1708709BA474}"
EndProject
Project("{FAE04EC0-301F-11D3-BF4B-00C04F79EFBC}") = "TestDataGenerator", "TestDataGenerator\TestDataGenerator.csproj", "{B8EE83FA-D3B4-3D18-F8E8-1DFFADD26385}"
EndProject
Project("{2150E333-8FDC-42A3-9474-1A3956D46DE8}") = "Solution Items", "Solution Items", "{08C79C57-A682-4496-9FE0-3B4C2F6AF8E8}"
	ProjectSection(SolutionItems) = preProject
		CLAUDE.md = CLAUDE.md
	EndProjectSection
EndProject
Global
	GlobalSection(SolutionConfigurationPlatforms) = preSolution
		Debug|Any CPU = Debug|Any CPU
		Release|Any CPU = Release|Any CPU
	EndGlobalSection
	GlobalSection(ProjectConfigurationPlatforms) = postSolution
		{08010959-1F7B-4D7D-990F-76D566BE3956}.Debug|Any CPU.ActiveCfg = Debug|Any CPU
		{08010959-1F7B-4D7D-990F-76D566BE3956}.Debug|Any CPU.Build.0 = Debug|Any CPU
		{08010959-1F7B-4D7D-990F-76D566BE3956}.Release|Any CPU.ActiveCfg = Release|Any CPU
		{08010959-1F7B-4D7D-990F-76D566BE3956}.Release|Any CPU.Build.0 = Release|Any CPU
		{9E4E677B-2EB4-41E1-8995-470BF04FB3A0}.Debug|Any CPU.ActiveCfg = Debug|Any CPU
		{9E4E677B-2EB4-41E1-8995-470BF04FB3A0}.Debug|Any CPU.Build.0 = Debug|Any CPU
		{9E4E677B-2EB4-41E1-8995-470BF04FB3A0}.Release|Any CPU.ActiveCfg = Release|Any CPU
		{9E4E677B-2EB4-41E1-8995-470BF04FB3A0}.Release|Any CPU.Build.0 = Release|Any CPU
		{44B0D956-F556-457C-8289-EA11D7579AC9}.Debug|Any CPU.ActiveCfg = Debug|Any CPU
		{44B0D956-F556-457C-8289-EA11D7579AC9}.Debug|Any CPU.Build.0 = Debug|Any CPU
		{44B0D956-F556-457C-8289-EA11D7579AC9}.Release|Any CPU.ActiveCfg = Release|Any CPU
		{44B0D956-F556-457C-8289-EA11D7579AC9}.Release|Any CPU.Build.0 = Release|Any CPU
		{40635F8C-935E-4194-AC75-AB059123AA99}.Debug|Any CPU.ActiveCfg = Debug|Any CPU
		{40635F8C-935E-4194-AC75-AB059123AA99}.Debug|Any CPU.Build.0 = Debug|Any CPU
		{40635F8C-935E-4194-AC75-AB059123AA99}.Release|Any CPU.ActiveCfg = Release|Any CPU
		{40635F8C-935E-4194-AC75-AB059123AA99}.Release|Any CPU.Build.0 = Release|Any CPU
		{3BE5654F-D2F5-FC42-6EC2-993C0FE2A226}.Debug|Any CPU.ActiveCfg = Debug|Any CPU
		{3BE5654F-D2F5-FC42-6EC2-993C0FE2A226}.Debug|Any CPU.Build.0 = Debug|Any CPU
		{3BE5654F-D2F5-FC42-6EC2-993C0FE2A226}.Release|Any CPU.ActiveCfg = Release|Any CPU
		{3BE5654F-D2F5-FC42-6EC2-993C0FE2A226}.Release|Any CPU.Build.0 = Release|Any CPU
		{AB4FC849-E452-ABAC-AE80-E24466AD47C9}.Debug|Any CPU.ActiveCfg = Debug|Any CPU
		{AB4FC849-E452-ABAC-AE80-E24466AD47C9}.Debug|Any CPU.Build.0 = Debug|Any CPU
		{AB4FC849-E452-ABAC-AE80-E24466AD47C9}.Release|Any CPU.ActiveCfg = Release|Any CPU
		{AB4FC849-E452-ABAC-AE80-E24466AD47C9}.Release|Any CPU.Build.0 = Release|Any CPU
		{871C7297-601D-4B04-AEC1-F85CE4A05647}.Debug|Any CPU.ActiveCfg = Debug|Any CPU
		{871C7297-601D-4B04-AEC1-F85CE4A05647}.Debug|Any CPU.Build.0 = Debug|Any CPU
		{871C7297-601D-4B04-AEC1-F85CE4A05647}.Release|Any CPU.ActiveCfg = Release|Any CPU
		{871C7297-601D-4B04-AEC1-F85CE4A05647}.Release|Any CPU.Build.0 = Release|Any CPU
		{98E75359-DA0B-480D-8762-64C88EAAF428}.Debug|Any CPU.ActiveCfg = Debug|Any CPU
		{98E75359-DA0B-480D-8762-64C88EAAF428}.Debug|Any CPU.Build.0 = Debug|Any CPU
		{98E75359-DA0B-480D-8762-64C88EAAF428}.Release|Any CPU.ActiveCfg = Release|Any CPU
		{98E75359-DA0B-480D-8762-64C88EAAF428}.Release|Any CPU.Build.0 = Release|Any CPU
		{905054D9-C687-4BEC-9BE5-88A8DFB21A73}.Debug|Any CPU.ActiveCfg = Debug|Any CPU
		{905054D9-C687-4BEC-9BE5-88A8DFB21A73}.Debug|Any CPU.Build.0 = Debug|Any CPU
		{905054D9-C687-4BEC-9BE5-88A8DFB21A73}.Release|Any CPU.ActiveCfg = Release|Any CPU
		{905054D9-C687-4BEC-9BE5-88A8DFB21A73}.Release|Any CPU.Build.0 = Release|Any CPU
		{3D181202-2F1B-4EDD-9A9D-45D1DC47D981}.Debug|Any CPU.ActiveCfg = Debug|Any CPU
		{3D181202-2F1B-4EDD-9A9D-45D1DC47D981}.Debug|Any CPU.Build.0 = Debug|Any CPU
		{3D181202-2F1B-4EDD-9A9D-45D1DC47D981}.Release|Any CPU.ActiveCfg = Release|Any CPU
		{3D181202-2F1B-4EDD-9A9D-45D1DC47D981}.Release|Any CPU.Build.0 = Release|Any CPU
		{EFC422BB-8055-4B74-9DE2-5BD6C623FA23}.Debug|Any CPU.ActiveCfg = Debug|Any CPU
		{EFC422BB-8055-4B74-9DE2-5BD6C623FA23}.Debug|Any CPU.Build.0 = Debug|Any CPU
		{EFC422BB-8055-4B74-9DE2-5BD6C623FA23}.Release|Any CPU.ActiveCfg = Release|Any CPU
		{EFC422BB-8055-4B74-9DE2-5BD6C623FA23}.Release|Any CPU.Build.0 = Release|Any CPU
		{232B3E8C-7007-48D1-842A-D71421ECCF7B}.Debug|Any CPU.ActiveCfg = Debug|Any CPU
		{232B3E8C-7007-48D1-842A-D71421ECCF7B}.Debug|Any CPU.Build.0 = Debug|Any CPU
		{232B3E8C-7007-48D1-842A-D71421ECCF7B}.Release|Any CPU.ActiveCfg = Release|Any CPU
		{232B3E8C-7007-48D1-842A-D71421ECCF7B}.Release|Any CPU.Build.0 = Release|Any CPU
		{B8EE83FA-D3B4-3D18-F8E8-1DFFADD26385}.Debug|Any CPU.ActiveCfg = Debug|Any CPU
		{B8EE83FA-D3B4-3D18-F8E8-1DFFADD26385}.Debug|Any CPU.Build.0 = Debug|Any CPU
		{B8EE83FA-D3B4-3D18-F8E8-1DFFADD26385}.Release|Any CPU.ActiveCfg = Release|Any CPU
		{B8EE83FA-D3B4-3D18-F8E8-1DFFADD26385}.Release|Any CPU.Build.0 = Release|Any CPU
	EndGlobalSection
	GlobalSection(SolutionProperties) = preSolution
		HideSolutionNode = FALSE
	EndGlobalSection
	GlobalSection(NestedProjects) = preSolution
		{08010959-1F7B-4D7D-990F-76D566BE3956} = {6A42808D-F380-42A1-86F8-595046217F8F}
		{9E4E677B-2EB4-41E1-8995-470BF04FB3A0} = {6A42808D-F380-42A1-86F8-595046217F8F}
		{44B0D956-F556-457C-8289-EA11D7579AC9} = {02EA681E-C7D8-13C7-8484-4AC65E1B71E8}
		{40635F8C-935E-4194-AC75-AB059123AA99} = {90B99F1A-FF40-48EE-A8B9-300578A16ED3}
		{3BE5654F-D2F5-FC42-6EC2-993C0FE2A226} = {90B99F1A-FF40-48EE-A8B9-300578A16ED3}
		{AB4FC849-E452-ABAC-AE80-E24466AD47C9} = {02EA681E-C7D8-13C7-8484-4AC65E1B71E8}
		{871C7297-601D-4B04-AEC1-F85CE4A05647} = {B1397279-8E68-4B29-807C-C52097857D96}
		{98E75359-DA0B-480D-8762-64C88EAAF428} = {B1397279-8E68-4B29-807C-C52097857D96}
		{905054D9-C687-4BEC-9BE5-88A8DFB21A73} = {3598F0A4-BC2E-44DF-BCAE-0A184F66183B}
		{3D181202-2F1B-4EDD-9A9D-45D1DC47D981} = {648F5B63-1EBA-4A45-A1BF-A0F7CF975F60}
		{EFC422BB-8055-4B74-9DE2-5BD6C623FA23} = {3598F0A4-BC2E-44DF-BCAE-0A184F66183B}
		{232B3E8C-7007-48D1-842A-D71421ECCF7B} = {02EA681E-C7D8-13C7-8484-4AC65E1B71E8}
		{B8EE83FA-D3B4-3D18-F8E8-1DFFADD26385} = {90E3756F-4732-4090-9F40-1708709BA474}
	EndGlobalSection
	GlobalSection(ExtensibilityGlobals) = postSolution
		SolutionGuid = {90EBA677-548F-4090-A7AE-01B7489B6FF2}
	EndGlobalSection
EndGlobal
